
Microsoft Visual Studio Solution File, Format Version 12.00
# Visual Studio Version 17
VisualStudioVersion = 17.0.31903.59
MinimumVisualStudioVersion = 10.0.40219.1
Project("{2150E333-8FDC-42A3-9474-1A3956D46DE8}") = "src", "src", "{827E0CD3-B72D-47B6-A68D-7590B98EB39B}"
EndProject
Project("{FAE04EC0-301F-11D3-BF4B-00C04F79EFBC}") = "FinanceWallet.Api", "src\FinanceWallet.Api\FinanceWallet.Api.csproj", "{1F868A20-12C7-4D57-9408-5CA34AA81CA1}"
EndProject
Project("{FAE04EC0-301F-11D3-BF4B-00C04F79EFBC}") = "FinanceWallet.Bootstrapper", "src\FinanceWallet.Bootstrapper\FinanceWallet.Bootstrapper.csproj", "{1D259504-30B3-487C-8C90-08AE3C3FB386}"
EndProject
Project("{FAE04EC0-301F-11D3-BF4B-00C04F79EFBC}") = "FinanceWallet.Modules.Admin", "src\FinanceWallet.Modules.Admin\FinanceWallet.Modules.Admin.csproj", "{009C0309-13BA-44F5-8AFE-6B10F55A3216}"
EndProject
Project("{FAE04EC0-301F-11D3-BF4B-00C04F79EFBC}") = "FinanceWallet.Modules.Audit", "src\FinanceWallet.Modules.Audit\FinanceWallet.Modules.Audit.csproj", "{F2969BAE-7115-4EAD-81AE-768FA557FC2E}"
EndProject
Project("{FAE04EC0-301F-11D3-BF4B-00C04F79EFBC}") = "FinanceWallet.Modules.ExternalAccounts", "src\FinanceWallet.Modules.ExternalAccounts\FinanceWallet.Modules.ExternalAccounts.csproj", "{A0AB5341-CB48-4BAD-A9CE-290B0D6F21D2}"
EndProject
Project("{FAE04EC0-301F-11D3-BF4B-00C04F79EFBC}") = "FinanceWallet.Modules.Identity", "src\FinanceWallet.Modules.Identity\FinanceWallet.Modules.Identity.csproj", "{57D48C9B-23BA-40AE-B7E5-DF96361377FA}"
EndProject
Project("{FAE04EC0-301F-11D3-BF4B-00C04F79EFBC}") = "FinanceWallet.Modules.Ledger", "src\FinanceWallet.Modules.Ledger\FinanceWallet.Modules.Ledger.csproj", "{D744C287-F42A-41EB-985B-9335F31BF249}"
EndProject
Project("{FAE04EC0-301F-11D3-BF4B-00C04F79EFBC}") = "FinanceWallet.Modules.Messaging", "src\FinanceWallet.Modules.Messaging\FinanceWallet.Modules.Messaging.csproj", "{2A836398-690B-417F-B35C-0523E8CF3E46}"
EndProject
Project("{FAE04EC0-301F-11D3-BF4B-00C04F79EFBC}") = "FinanceWallet.Modules.Notifications", "src\FinanceWallet.Modules.Notifications\FinanceWallet.Modules.Notifications.csproj", "{80FE6471-33C0-4A8D-8ACB-DDCBB155DAAE}"
EndProject
Project("{FAE04EC0-301F-11D3-BF4B-00C04F79EFBC}") = "FinanceWallet.Modules.Risk", "src\FinanceWallet.Modules.Risk\FinanceWallet.Modules.Risk.csproj", "{DCE7A886-BE69-4A53-A1EF-613820A1FB50}"
EndProject
Project("{FAE04EC0-301F-11D3-BF4B-00C04F79EFBC}") = "FinanceWallet.Modules.Security", "src\FinanceWallet.Modules.Security\FinanceWallet.Modules.Security.csproj", "{F18A7EE7-B3C5-4AB8-A0E2-FBE5E469CC67}"
EndProject
Project("{FAE04EC0-301F-11D3-BF4B-00C04F79EFBC}") = "FinanceWallet.Modules.Transactions", "src\FinanceWallet.Modules.Transactions\FinanceWallet.Modules.Transactions.csproj", "{A3BC0E9E-3612-409E-B00F-5CBB8A973E3C}"
EndProject
Project("{FAE04EC0-301F-11D3-BF4B-00C04F79EFBC}") = "FinanceWallet.Modules.Wallets", "src\FinanceWallet.Modules.Wallets\FinanceWallet.Modules.Wallets.csproj", "{1899E442-39FD-488A-98CC-4D4E96001096}"
EndProject
Project("{FAE04EC0-301F-11D3-BF4B-00C04F79EFBC}") = "FinanceWallet.Shared", "src\FinanceWallet.Shared\FinanceWallet.Shared.csproj", "{9DA82872-D3E1-4E37-B9DB-9C19211040A1}"
EndProject
Project("{2150E333-8FDC-42A3-9474-1A3956D46DE8}") = "tests", "tests", "{0AB3BF05-4346-4AA6-1389-037BE0695223}"
EndProject
Project("{FAE04EC0-301F-11D3-BF4B-00C04F79EFBC}") = "FinanceWallet.ArchitectureTests", "tests\FinanceWallet.ArchitectureTests\FinanceWallet.ArchitectureTests.csproj", "{D4328D9A-E737-4B11-8D20-E6C3AE4CBE11}"
EndProject
Project("{FAE04EC0-301F-11D3-BF4B-00C04F79EFBC}") = "FinanceWallet.IntegrationTests", "tests\FinanceWallet.IntegrationTests\FinanceWallet.IntegrationTests.csproj", "{69203C9A-4ABB-4058-A499-3C4A27E4C5B2}"
EndProject
Project("{FAE04EC0-301F-11D3-BF4B-00C04F79EFBC}") = "FinanceWallet.UnitTests", "tests\FinanceWallet.UnitTests\FinanceWallet.UnitTests.csproj", "{B602A61C-EDD3-48D1-8C7A-DE36187FA2B1}"
EndProject
Global
	GlobalSection(SolutionConfigurationPlatforms) = preSolution
		Debug|Any CPU = Debug|Any CPU
		Debug|x64 = Debug|x64
		Debug|x86 = Debug|x86
		Release|Any CPU = Release|Any CPU
		Release|x64 = Release|x64
		Release|x86 = Release|x86
	EndGlobalSection
	GlobalSection(ProjectConfigurationPlatforms) = postSolution
		{1F868A20-12C7-4D57-9408-5CA34AA81CA1}.Debug|Any CPU.ActiveCfg = Debug|Any CPU
		{1F868A20-12C7-4D57-9408-5CA34AA81CA1}.Debug|Any CPU.Build.0 = Debug|Any CPU
		{1F868A20-12C7-4D57-9408-5CA34AA81CA1}.Debug|x64.ActiveCfg = Debug|Any CPU
		{1F868A20-12C7-4D57-9408-5CA34AA81CA1}.Debug|x64.Build.0 = Debug|Any CPU
		{1F868A20-12C7-4D57-9408-5CA34AA81CA1}.Debug|x86.ActiveCfg = Debug|Any CPU
		{1F868A20-12C7-4D57-9408-5CA34AA81CA1}.Debug|x86.Build.0 = Debug|Any CPU
		{1F868A20-12C7-4D57-9408-5CA34AA81CA1}.Release|Any CPU.ActiveCfg = Release|Any CPU
		{1F868A20-12C7-4D57-9408-5CA34AA81CA1}.Release|Any CPU.Build.0 = Release|Any CPU
		{1F868A20-12C7-4D57-9408-5CA34AA81CA1}.Release|x64.ActiveCfg = Release|Any CPU
		{1F868A20-12C7-4D57-9408-5CA34AA81CA1}.Release|x64.Build.0 = Release|Any CPU
		{1F868A20-12C7-4D57-9408-5CA34AA81CA1}.Release|x86.ActiveCfg = Release|Any CPU
		{1F868A20-12C7-4D57-9408-5CA34AA81CA1}.Release|x86.Build.0 = Release|Any CPU
		{1D259504-30B3-487C-8C90-08AE3C3FB386}.Debug|Any CPU.ActiveCfg = Debug|Any CPU
		{1D259504-30B3-487C-8C90-08AE3C3FB386}.Debug|Any CPU.Build.0 = Debug|Any CPU
		{1D259504-30B3-487C-8C90-08AE3C3FB386}.Debug|x64.ActiveCfg = Debug|Any CPU
		{1D259504-30B3-487C-8C90-08AE3C3FB386}.Debug|x64.Build.0 = Debug|Any CPU
		{1D259504-30B3-487C-8C90-08AE3C3FB386}.Debug|x86.ActiveCfg = Debug|Any CPU
		{1D259504-30B3-487C-8C90-08AE3C3FB386}.Debug|x86.Build.0 = Debug|Any CPU
		{1D259504-30B3-487C-8C90-08AE3C3FB386}.Release|Any CPU.ActiveCfg = Release|Any CPU
		{1D259504-30B3-487C-8C90-08AE3C3FB386}.Release|Any CPU.Build.0 = Release|Any CPU
		{1D259504-30B3-487C-8C90-08AE3C3FB386}.Release|x64.ActiveCfg = Release|Any CPU
		{1D259504-30B3-487C-8C90-08AE3C3FB386}.Release|x64.Build.0 = Release|Any CPU
		{1D259504-30B3-487C-8C90-08AE3C3FB386}.Release|x86.ActiveCfg = Release|Any CPU
		{1D259504-30B3-487C-8C90-08AE3C3FB386}.Release|x86.Build.0 = Release|Any CPU
		{009C0309-13BA-44F5-8AFE-6B10F55A3216}.Debug|Any CPU.ActiveCfg = Debug|Any CPU
		{009C0309-13BA-44F5-8AFE-6B10F55A3216}.Debug|Any CPU.Build.0 = Debug|Any CPU
		{009C0309-13BA-44F5-8AFE-6B10F55A3216}.Debug|x64.ActiveCfg = Debug|Any CPU
		{009C0309-13BA-44F5-8AFE-6B10F55A3216}.Debug|x64.Build.0 = Debug|Any CPU
		{009C0309-13BA-44F5-8AFE-6B10F55A3216}.Debug|x86.ActiveCfg = Debug|Any CPU
		{009C0309-13BA-44F5-8AFE-6B10F55A3216}.Debug|x86.Build.0 = Debug|Any CPU
		{009C0309-13BA-44F5-8AFE-6B10F55A3216}.Release|Any CPU.ActiveCfg = Release|Any CPU
		{009C0309-13BA-44F5-8AFE-6B10F55A3216}.Release|Any CPU.Build.0 = Release|Any CPU
		{009C0309-13BA-44F5-8AFE-6B10F55A3216}.Release|x64.ActiveCfg = Release|Any CPU
		{009C0309-13BA-44F5-8AFE-6B10F55A3216}.Release|x64.Build.0 = Release|Any CPU
		{009C0309-13BA-44F5-8AFE-6B10F55A3216}.Release|x86.ActiveCfg = Release|Any CPU
		{009C0309-13BA-44F5-8AFE-6B10F55A3216}.Release|x86.Build.0 = Release|Any CPU
		{F2969BAE-7115-4EAD-81AE-768FA557FC2E}.Debug|Any CPU.ActiveCfg = Debug|Any CPU
		{F2969BAE-7115-4EAD-81AE-768FA557FC2E}.Debug|Any CPU.Build.0 = Debug|Any CPU
		{F2969BAE-7115-4EAD-81AE-768FA557FC2E}.Debug|x64.ActiveCfg = Debug|Any CPU
		{F2969BAE-7115-4EAD-81AE-768FA557FC2E}.Debug|x64.Build.0 = Debug|Any CPU
		{F2969BAE-7115-4EAD-81AE-768FA557FC2E}.Debug|x86.ActiveCfg = Debug|Any CPU
		{F2969BAE-7115-4EAD-81AE-768FA557FC2E}.Debug|x86.Build.0 = Debug|Any CPU
		{F2969BAE-7115-4EAD-81AE-768FA557FC2E}.Release|Any CPU.ActiveCfg = Release|Any CPU
		{F2969BAE-7115-4EAD-81AE-768FA557FC2E}.Release|Any CPU.Build.0 = Release|Any CPU
		{F2969BAE-7115-4EAD-81AE-768FA557FC2E}.Release|x64.ActiveCfg = Release|Any CPU
		{F2969BAE-7115-4EAD-81AE-768FA557FC2E}.Release|x64.Build.0 = Release|Any CPU
		{F2969BAE-7115-4EAD-81AE-768FA557FC2E}.Release|x86.ActiveCfg = Release|Any CPU
		{F2969BAE-7115-4EAD-81AE-768FA557FC2E}.Release|x86.Build.0 = Release|Any CPU
		{A0AB5341-CB48-4BAD-A9CE-290B0D6F21D2}.Debug|Any CPU.ActiveCfg = Debug|Any CPU
		{A0AB5341-CB48-4BAD-A9CE-290B0D6F21D2}.Debug|Any CPU.Build.0 = Debug|Any CPU
		{A0AB5341-CB48-4BAD-A9CE-290B0D6F21D2}.Debug|x64.ActiveCfg = Debug|Any CPU
		{A0AB5341-CB48-4BAD-A9CE-290B0D6F21D2}.Debug|x64.Build.0 = Debug|Any CPU
		{A0AB5341-CB48-4BAD-A9CE-290B0D6F21D2}.Debug|x86.ActiveCfg = Debug|Any CPU
		{A0AB5341-CB48-4BAD-A9CE-290B0D6F21D2}.Debug|x86.Build.0 = Debug|Any CPU
		{A0AB5341-CB48-4BAD-A9CE-290B0D6F21D2}.Release|Any CPU.ActiveCfg = Release|Any CPU
		{A0AB5341-CB48-4BAD-A9CE-290B0D6F21D2}.Release|Any CPU.Build.0 = Release|Any CPU
		{A0AB5341-CB48-4BAD-A9CE-290B0D6F21D2}.Release|x64.ActiveCfg = Release|Any CPU
		{A0AB5341-CB48-4BAD-A9CE-290B0D6F21D2}.Release|x64.Build.0 = Release|Any CPU
		{A0AB5341-CB48-4BAD-A9CE-290B0D6F21D2}.Release|x86.ActiveCfg = Release|Any CPU
		{A0AB5341-CB48-4BAD-A9CE-290B0D6F21D2}.Release|x86.Build.0 = Release|Any CPU
		{57D48C9B-23BA-40AE-B7E5-DF96361377FA}.Debug|Any CPU.ActiveCfg = Debug|Any CPU
		{57D48C9B-23BA-40AE-B7E5-DF96361377FA}.Debug|Any CPU.Build.0 = Debug|Any CPU
		{57D48C9B-23BA-40AE-B7E5-DF96361377FA}.Debug|x64.ActiveCfg = Debug|Any CPU
		{57D48C9B-23BA-40AE-B7E5-DF96361377FA}.Debug|x64.Build.0 = Debug|Any CPU
		{57D48C9B-23BA-40AE-B7E5-DF96361377FA}.Debug|x86.ActiveCfg = Debug|Any CPU
		{57D48C9B-23BA-40AE-B7E5-DF96361377FA}.Debug|x86.Build.0 = Debug|Any CPU
		{57D48C9B-23BA-40AE-B7E5-DF96361377FA}.Release|Any CPU.ActiveCfg = Release|Any CPU
		{57D48C9B-23BA-40AE-B7E5-DF96361377FA}.Release|Any CPU.Build.0 = Release|Any CPU
		{57D48C9B-23BA-40AE-B7E5-DF96361377FA}.Release|x64.ActiveCfg = Release|Any CPU
		{57D48C9B-23BA-40AE-B7E5-DF96361377FA}.Release|x64.Build.0 = Release|Any CPU
		{57D48C9B-23BA-40AE-B7E5-DF96361377FA}.Release|x86.ActiveCfg = Release|Any CPU
		{57D48C9B-23BA-40AE-B7E5-DF96361377FA}.Release|x86.Build.0 = Release|Any CPU
		{D744C287-F42A-41EB-985B-9335F31BF249}.Debug|Any CPU.ActiveCfg = Debug|Any CPU
		{D744C287-F42A-41EB-985B-9335F31BF249}.Debug|Any CPU.Build.0 = Debug|Any CPU
		{D744C287-F42A-41EB-985B-9335F31BF249}.Debug|x64.ActiveCfg = Debug|Any CPU
		{D744C287-F42A-41EB-985B-9335F31BF249}.Debug|x64.Build.0 = Debug|Any CPU
		{D744C287-F42A-41EB-985B-9335F31BF249}.Debug|x86.ActiveCfg = Debug|Any CPU
		{D744C287-F42A-41EB-985B-9335F31BF249}.Debug|x86.Build.0 = Debug|Any CPU
		{D744C287-F42A-41EB-985B-9335F31BF249}.Release|Any CPU.ActiveCfg = Release|Any CPU
		{D744C287-F42A-41EB-985B-9335F31BF249}.Release|Any CPU.Build.0 = Release|Any CPU
		{D744C287-F42A-41EB-985B-9335F31BF249}.Release|x64.ActiveCfg = Release|Any CPU
		{D744C287-F42A-41EB-985B-9335F31BF249}.Release|x64.Build.0 = Release|Any CPU
		{D744C287-F42A-41EB-985B-9335F31BF249}.Release|x86.ActiveCfg = Release|Any CPU
		{D744C287-F42A-41EB-985B-9335F31BF249}.Release|x86.Build.0 = Release|Any CPU
		{2A836398-690B-417F-B35C-0523E8CF3E46}.Debug|Any CPU.ActiveCfg = Debug|Any CPU
		{2A836398-690B-417F-B35C-0523E8CF3E46}.Debug|Any CPU.Build.0 = Debug|Any CPU
		{2A836398-690B-417F-B35C-0523E8CF3E46}.Debug|x64.ActiveCfg = Debug|Any CPU
		{2A836398-690B-417F-B35C-0523E8CF3E46}.Debug|x64.Build.0 = Debug|Any CPU
		{2A836398-690B-417F-B35C-0523E8CF3E46}.Debug|x86.ActiveCfg = Debug|Any CPU
		{2A836398-690B-417F-B35C-0523E8CF3E46}.Debug|x86.Build.0 = Debug|Any CPU
		{2A836398-690B-417F-B35C-0523E8CF3E46}.Release|Any CPU.ActiveCfg = Release|Any CPU
		{2A836398-690B-417F-B35C-0523E8CF3E46}.Release|Any CPU.Build.0 = Release|Any CPU
		{2A836398-690B-417F-B35C-0523E8CF3E46}.Release|x64.ActiveCfg = Release|Any CPU
		{2A836398-690B-417F-B35C-0523E8CF3E46}.Release|x64.Build.0 = Release|Any CPU
		{2A836398-690B-417F-B35C-0523E8CF3E46}.Release|x86.ActiveCfg = Release|Any CPU
		{2A836398-690B-417F-B35C-0523E8CF3E46}.Release|x86.Build.0 = Release|Any CPU
		{80FE6471-33C0-4A8D-8ACB-DDCBB155DAAE}.Debug|Any CPU.ActiveCfg = Debug|Any CPU
		{80FE6471-33C0-4A8D-8ACB-DDCBB155DAAE}.Debug|Any CPU.Build.0 = Debug|Any CPU
		{80FE6471-33C0-4A8D-8ACB-DDCBB155DAAE}.Debug|x64.ActiveCfg = Debug|Any CPU
		{80FE6471-33C0-4A8D-8ACB-DDCBB155DAAE}.Debug|x64.Build.0 = Debug|Any CPU
		{80FE6471-33C0-4A8D-8ACB-DDCBB155DAAE}.Debug|x86.ActiveCfg = Debug|Any CPU
		{80FE6471-33C0-4A8D-8ACB-DDCBB155DAAE}.Debug|x86.Build.0 = Debug|Any CPU
		{80FE6471-33C0-4A8D-8ACB-DDCBB155DAAE}.Release|Any CPU.ActiveCfg = Release|Any CPU
		{80FE6471-33C0-4A8D-8ACB-DDCBB155DAAE}.Release|Any CPU.Build.0 = Release|Any CPU
		{80FE6471-33C0-4A8D-8ACB-DDCBB155DAAE}.Release|x64.ActiveCfg = Release|Any CPU
		{80FE6471-33C0-4A8D-8ACB-DDCBB155DAAE}.Release|x64.Build.0 = Release|Any CPU
		{80FE6471-33C0-4A8D-8ACB-DDCBB155DAAE}.Release|x86.ActiveCfg = Release|Any CPU
		{80FE6471-33C0-4A8D-8ACB-DDCBB155DAAE}.Release|x86.Build.0 = Release|Any CPU
		{DCE7A886-BE69-4A53-A1EF-613820A1FB50}.Debug|Any CPU.ActiveCfg = Debug|Any CPU
		{DCE7A886-BE69-4A53-A1EF-613820A1FB50}.Debug|Any CPU.Build.0 = Debug|Any CPU
		{DCE7A886-BE69-4A53-A1EF-613820A1FB50}.Debug|x64.ActiveCfg = Debug|Any CPU
		{DCE7A886-BE69-4A53-A1EF-613820A1FB50}.Debug|x64.Build.0 = Debug|Any CPU
		{DCE7A886-BE69-4A53-A1EF-613820A1FB50}.Debug|x86.ActiveCfg = Debug|Any CPU
		{DCE7A886-BE69-4A53-A1EF-613820A1FB50}.Debug|x86.Build.0 = Debug|Any CPU
		{DCE7A886-BE69-4A53-A1EF-613820A1FB50}.Release|Any CPU.ActiveCfg = Release|Any CPU
		{DCE7A886-BE69-4A53-A1EF-613820A1FB50}.Release|Any CPU.Build.0 = Release|Any CPU
		{DCE7A886-BE69-4A53-A1EF-613820A1FB50}.Release|x64.ActiveCfg = Release|Any CPU
		{DCE7A886-BE69-4A53-A1EF-613820A1FB50}.Release|x64.Build.0 = Release|Any CPU
		{DCE7A886-BE69-4A53-A1EF-613820A1FB50}.Release|x86.ActiveCfg = Release|Any CPU
		{DCE7A886-BE69-4A53-A1EF-613820A1FB50}.Release|x86.Build.0 = Release|Any CPU
		{F18A7EE7-B3C5-4AB8-A0E2-FBE5E469CC67}.Debug|Any CPU.ActiveCfg = Debug|Any CPU
		{F18A7EE7-B3C5-4AB8-A0E2-FBE5E469CC67}.Debug|Any CPU.Build.0 = Debug|Any CPU
		{F18A7EE7-B3C5-4AB8-A0E2-FBE5E469CC67}.Debug|x64.ActiveCfg = Debug|Any CPU
		{F18A7EE7-B3C5-4AB8-A0E2-FBE5E469CC67}.Debug|x64.Build.0 = Debug|Any CPU
		{F18A7EE7-B3C5-4AB8-A0E2-FBE5E469CC67}.Debug|x86.ActiveCfg = Debug|Any CPU
		{F18A7EE7-B3C5-4AB8-A0E2-FBE5E469CC67}.Debug|x86.Build.0 = Debug|Any CPU
		{F18A7EE7-B3C5-4AB8-A0E2-FBE5E469CC67}.Release|Any CPU.ActiveCfg = Release|Any CPU
		{F18A7EE7-B3C5-4AB8-A0E2-FBE5E469CC67}.Release|Any CPU.Build.0 = Release|Any CPU
		{F18A7EE7-B3C5-4AB8-A0E2-FBE5E469CC67}.Release|x64.ActiveCfg = Release|Any CPU
		{F18A7EE7-B3C5-4AB8-A0E2-FBE5E469CC67}.Release|x64.Build.0 = Release|Any CPU
		{F18A7EE7-B3C5-4AB8-A0E2-FBE5E469CC67}.Release|x86.ActiveCfg = Release|Any CPU
		{F18A7EE7-B3C5-4AB8-A0E2-FBE5E469CC67}.Release|x86.Build.0 = Release|Any CPU
		{A3BC0E9E-3612-409E-B00F-5CBB8A973E3C}.Debug|Any CPU.ActiveCfg = Debug|Any CPU
		{A3BC0E9E-3612-409E-B00F-5CBB8A973E3C}.Debug|Any CPU.Build.0 = Debug|Any CPU
		{A3BC0E9E-3612-409E-B00F-5CBB8A973E3C}.Debug|x64.ActiveCfg = Debug|Any CPU
		{A3BC0E9E-3612-409E-B00F-5CBB8A973E3C}.Debug|x64.Build.0 = Debug|Any CPU
		{A3BC0E9E-3612-409E-B00F-5CBB8A973E3C}.Debug|x86.ActiveCfg = Debug|Any CPU
		{A3BC0E9E-3612-409E-B00F-5CBB8A973E3C}.Debug|x86.Build.0 = Debug|Any CPU
		{A3BC0E9E-3612-409E-B00F-5CBB8A973E3C}.Release|Any CPU.ActiveCfg = Release|Any CPU
		{A3BC0E9E-3612-409E-B00F-5CBB8A973E3C}.Release|Any CPU.Build.0 = Release|Any CPU
		{A3BC0E9E-3612-409E-B00F-5CBB8A973E3C}.Release|x64.ActiveCfg = Release|Any CPU
		{A3BC0E9E-3612-409E-B00F-5CBB8A973E3C}.Release|x64.Build.0 = Release|Any CPU
		{A3BC0E9E-3612-409E-B00F-5CBB8A973E3C}.Release|x86.ActiveCfg = Release|Any CPU
		{A3BC0E9E-3612-409E-B00F-5CBB8A973E3C}.Release|x86.Build.0 = Release|Any CPU
		{1899E442-39FD-488A-98CC-4D4E96001096}.Debug|Any CPU.ActiveCfg = Debug|Any CPU
		{1899E442-39FD-488A-98CC-4D4E96001096}.Debug|Any CPU.Build.0 = Debug|Any CPU
		{1899E442-39FD-488A-98CC-4D4E96001096}.Debug|x64.ActiveCfg = Debug|Any CPU
		{1899E442-39FD-488A-98CC-4D4E96001096}.Debug|x64.Build.0 = Debug|Any CPU
		{1899E442-39FD-488A-98CC-4D4E96001096}.Debug|x86.ActiveCfg = Debug|Any CPU
		{1899E442-39FD-488A-98CC-4D4E96001096}.Debug|x86.Build.0 = Debug|Any CPU
		{1899E442-39FD-488A-98CC-4D4E96001096}.Release|Any CPU.ActiveCfg = Release|Any CPU
		{1899E442-39FD-488A-98CC-4D4E96001096}.Release|Any CPU.Build.0 = Release|Any CPU
		{1899E442-39FD-488A-98CC-4D4E96001096}.Release|x64.ActiveCfg = Release|Any CPU
		{1899E442-39FD-488A-98CC-4D4E96001096}.Release|x64.Build.0 = Release|Any CPU
		{1899E442-39FD-488A-98CC-4D4E96001096}.Release|x86.ActiveCfg = Release|Any CPU
		{1899E442-39FD-488A-98CC-4D4E96001096}.Release|x86.Build.0 = Release|Any CPU
		{9DA82872-D3E1-4E37-B9DB-9C19211040A1}.Debug|Any CPU.ActiveCfg = Debug|Any CPU
		{9DA82872-D3E1-4E37-B9DB-9C19211040A1}.Debug|Any CPU.Build.0 = Debug|Any CPU
		{9DA82872-D3E1-4E37-B9DB-9C19211040A1}.Debug|x64.ActiveCfg = Debug|Any CPU
		{9DA82872-D3E1-4E37-B9DB-9C19211040A1}.Debug|x64.Build.0 = Debug|Any CPU
		{9DA82872-D3E1-4E37-B9DB-9C19211040A1}.Debug|x86.ActiveCfg = Debug|Any CPU
		{9DA82872-D3E1-4E37-B9DB-9C19211040A1}.Debug|x86.Build.0 = Debug|Any CPU
		{9DA82872-D3E1-4E37-B9DB-9C19211040A1}.Release|Any CPU.ActiveCfg = Release|Any CPU
		{9DA82872-D3E1-4E37-B9DB-9C19211040A1}.Release|Any CPU.Build.0 = Release|Any CPU
		{9DA82872-D3E1-4E37-B9DB-9C19211040A1}.Release|x64.ActiveCfg = Release|Any CPU
		{9DA82872-D3E1-4E37-B9DB-9C19211040A1}.Release|x64.Build.0 = Release|Any CPU
		{9DA82872-D3E1-4E37-B9DB-9C19211040A1}.Release|x86.ActiveCfg = Release|Any CPU
		{9DA82872-D3E1-4E37-B9DB-9C19211040A1}.Release|x86.Build.0 = Release|Any CPU
		{D4328D9A-E737-4B11-8D20-E6C3AE4CBE11}.Debug|Any CPU.ActiveCfg = Debug|Any CPU
		{D4328D9A-E737-4B11-8D20-E6C3AE4CBE11}.Debug|Any CPU.Build.0 = Debug|Any CPU
		{D4328D9A-E737-4B11-8D20-E6C3AE4CBE11}.Debug|x64.ActiveCfg = Debug|Any CPU
		{D4328D9A-E737-4B11-8D20-E6C3AE4CBE11}.Debug|x64.Build.0 = Debug|Any CPU
		{D4328D9A-E737-4B11-8D20-E6C3AE4CBE11}.Debug|x86.ActiveCfg = Debug|Any CPU
		{D4328D9A-E737-4B11-8D20-E6C3AE4CBE11}.Debug|x86.Build.0 = Debug|Any CPU
		{D4328D9A-E737-4B11-8D20-E6C3AE4CBE11}.Release|Any CPU.ActiveCfg = Release|Any CPU
		{D4328D9A-E737-4B11-8D20-E6C3AE4CBE11}.Release|Any CPU.Build.0 = Release|Any CPU
		{D4328D9A-E737-4B11-8D20-E6C3AE4CBE11}.Release|x64.ActiveCfg = Release|Any CPU
		{D4328D9A-E737-4B11-8D20-E6C3AE4CBE11}.Release|x64.Build.0 = Release|Any CPU
		{D4328D9A-E737-4B11-8D20-E6C3AE4CBE11}.Release|x86.ActiveCfg = Release|Any CPU
		{D4328D9A-E737-4B11-8D20-E6C3AE4CBE11}.Release|x86.Build.0 = Release|Any CPU
		{69203C9A-4ABB-4058-A499-3C4A27E4C5B2}.Debug|Any CPU.ActiveCfg = Debug|Any CPU
		{69203C9A-4ABB-4058-A499-3C4A27E4C5B2}.Debug|Any CPU.Build.0 = Debug|Any CPU
		{69203C9A-4ABB-4058-A499-3C4A27E4C5B2}.Debug|x64.ActiveCfg = Debug|Any CPU
		{69203C9A-4ABB-4058-A499-3C4A27E4C5B2}.Debug|x64.Build.0 = Debug|Any CPU
		{69203C9A-4ABB-4058-A499-3C4A27E4C5B2}.Debug|x86.ActiveCfg = Debug|Any CPU
		{69203C9A-4ABB-4058-A499-3C4A27E4C5B2}.Debug|x86.Build.0 = Debug|Any CPU
		{69203C9A-4ABB-4058-A499-3C4A27E4C5B2}.Release|Any CPU.ActiveCfg = Release|Any CPU
		{69203C9A-4ABB-4058-A499-3C4A27E4C5B2}.Release|Any CPU.Build.0 = Release|Any CPU
		{69203C9A-4ABB-4058-A499-3C4A27E4C5B2}.Release|x64.ActiveCfg = Release|Any CPU
		{69203C9A-4ABB-4058-A499-3C4A27E4C5B2}.Release|x64.Build.0 = Release|Any CPU
		{69203C9A-4ABB-4058-A499-3C4A27E4C5B2}.Release|x86.ActiveCfg = Release|Any CPU
		{69203C9A-4ABB-4058-A499-3C4A27E4C5B2}.Release|x86.Build.0 = Release|Any CPU
		{B602A61C-EDD3-48D1-8C7A-DE36187FA2B1}.Debug|Any CPU.ActiveCfg = Debug|Any CPU
		{B602A61C-EDD3-48D1-8C7A-DE36187FA2B1}.Debug|Any CPU.Build.0 = Debug|Any CPU
		{B602A61C-EDD3-48D1-8C7A-DE36187FA2B1}.Debug|x64.ActiveCfg = Debug|Any CPU
		{B602A61C-EDD3-48D1-8C7A-DE36187FA2B1}.Debug|x64.Build.0 = Debug|Any CPU
		{B602A61C-EDD3-48D1-8C7A-DE36187FA2B1}.Debug|x86.ActiveCfg = Debug|Any CPU
		{B602A61C-EDD3-48D1-8C7A-DE36187FA2B1}.Debug|x86.Build.0 = Debug|Any CPU
		{B602A61C-EDD3-48D1-8C7A-DE36187FA2B1}.Release|Any CPU.ActiveCfg = Release|Any CPU
		{B602A61C-EDD3-48D1-8C7A-DE36187FA2B1}.Release|Any CPU.Build.0 = Release|Any CPU
		{B602A61C-EDD3-48D1-8C7A-DE36187FA2B1}.Release|x64.ActiveCfg = Release|Any CPU
		{B602A61C-EDD3-48D1-8C7A-DE36187FA2B1}.Release|x64.Build.0 = Release|Any CPU
		{B602A61C-EDD3-48D1-8C7A-DE36187FA2B1}.Release|x86.ActiveCfg = Release|Any CPU
		{B602A61C-EDD3-48D1-8C7A-DE36187FA2B1}.Release|x86.Build.0 = Release|Any CPU
	EndGlobalSection
	GlobalSection(SolutionProperties) = preSolution
		HideSolutionNode = FALSE
	EndGlobalSection
	GlobalSection(NestedProjects) = preSolution
		{1F868A20-12C7-4D57-9408-5CA34AA81CA1} = {827E0CD3-B72D-47B6-A68D-7590B98EB39B}
		{1D259504-30B3-487C-8C90-08AE3C3FB386} = {827E0CD3-B72D-47B6-A68D-7590B98EB39B}
		{009C0309-13BA-44F5-8AFE-6B10F55A3216} = {827E0CD3-B72D-47B6-A68D-7590B98EB39B}
		{F2969BAE-7115-4EAD-81AE-768FA557FC2E} = {827E0CD3-B72D-47B6-A68D-7590B98EB39B}
		{A0AB5341-CB48-4BAD-A9CE-290B0D6F21D2} = {827E0CD3-B72D-47B6-A68D-7590B98EB39B}
		{57D48C9B-23BA-40AE-B7E5-DF96361377FA} = {827E0CD3-B72D-47B6-A68D-7590B98EB39B}
		{D744C287-F42A-41EB-985B-9335F31BF249} = {827E0CD3-B72D-47B6-A68D-7590B98EB39B}
		{2A836398-690B-417F-B35C-0523E8CF3E46} = {827E0CD3-B72D-47B6-A68D-7590B98EB39B}
		{80FE6471-33C0-4A8D-8ACB-DDCBB155DAAE} = {827E0CD3-B72D-47B6-A68D-7590B98EB39B}
		{DCE7A886-BE69-4A53-A1EF-613820A1FB50} = {827E0CD3-B72D-47B6-A68D-7590B98EB39B}
		{F18A7EE7-B3C5-4AB8-A0E2-FBE5E469CC67} = {827E0CD3-B72D-47B6-A68D-7590B98EB39B}
		{A3BC0E9E-3612-409E-B00F-5CBB8A973E3C} = {827E0CD3-B72D-47B6-A68D-7590B98EB39B}
		{1899E442-39FD-488A-98CC-4D4E96001096} = {827E0CD3-B72D-47B6-A68D-7590B98EB39B}
		{9DA82872-D3E1-4E37-B9DB-9C19211040A1} = {827E0CD3-B72D-47B6-A68D-7590B98EB39B}
		{D4328D9A-E737-4B11-8D20-E6C3AE4CBE11} = {0AB3BF05-4346-4AA6-1389-037BE0695223}
		{69203C9A-4ABB-4058-A499-3C4A27E4C5B2} = {0AB3BF05-4346-4AA6-1389-037BE0695223}
		{B602A61C-EDD3-48D1-8C7A-DE36187FA2B1} = {0AB3BF05-4346-4AA6-1389-037BE0695223}
	EndGlobalSection
EndGlobal
